
Microsoft Visual Studio Solution File, Format Version 12.00
Project("{FAE04EC0-301F-11D3-BF4B-00C04F79EFBC}") = "ImportApp", "ImportApp.csproj", "{9933AA62-EC16-4537-83D5-55154631C9B8}"
EndProject
Project("{FAE04EC0-301F-11D3-BF4B-00C04F79EFBC}") = "UnitTest", "..\..\tests\UnitTest\UnitTest.csproj", "{C0F58490-49A7-4342-BA08-6E55BC3D6A06}"
EndProject
Global
	GlobalSection(SolutionConfigurationPlatforms) = preSolution
		Debug|Any CPU = Debug|Any CPU
		Release|Any CPU = Release|Any CPU
	EndGlobalSection
	GlobalSection(ProjectConfigurationPlatforms) = postSolution
		{9933AA62-EC16-4537-83D5-55154631C9B8}.Debug|Any CPU.ActiveCfg = Debug|Any CPU
		{9933AA62-EC16-4537-83D5-55154631C9B8}.Debug|Any CPU.Build.0 = Debug|Any CPU
		{9933AA62-EC16-4537-83D5-55154631C9B8}.Release|Any CPU.ActiveCfg = Release|Any CPU
		{9933AA62-EC16-4537-83D5-55154631C9B8}.Release|Any CPU.Build.0 = Release|Any CPU
		{C0F58490-49A7-4342-BA08-6E55BC3D6A06}.Debug|Any CPU.ActiveCfg = Debug|Any CPU
		{C0F58490-49A7-4342-BA08-6E55BC3D6A06}.Debug|Any CPU.Build.0 = Debug|Any CPU
		{C0F58490-49A7-4342-BA08-6E55BC3D6A06}.Release|Any CPU.ActiveCfg = Release|Any CPU
		{C0F58490-49A7-4342-BA08-6E55BC3D6A06}.Release|Any CPU.Build.0 = Release|Any CPU
	EndGlobalSection
EndGlobal
